
Microsoft Visual Studio Solution File, Format Version 12.00
# Visual Studio 15
VisualStudioVersion = 15.0.28307.1145
MinimumVisualStudioVersion = 10.0.40219.1
Project("{FAE04EC0-301F-11D3-BF4B-00C04F79EFBC}") = "geektrust", "geektrust\geektrust.csproj", "{1DEF8CA2-4567-475E-A925-CFE2B30AA69B}"
EndProject
Project("{FAE04EC0-301F-11D3-BF4B-00C04F79EFBC}") = "geektrusttest", "geektrusttest\geektrusttest.csproj", "{CAC5C486-903B-4959-AFC6-3EC36603F9A7}"
EndProject
Global
	GlobalSection(SolutionConfigurationPlatforms) = preSolution
		Debug|Any CPU = Debug|Any CPU
		Release|Any CPU = Release|Any CPU
	EndGlobalSection
	GlobalSection(ProjectConfigurationPlatforms) = postSolution
		{1DEF8CA2-4567-475E-A925-CFE2B30AA69B}.Debug|Any CPU.ActiveCfg = Debug|Any CPU
		{1DEF8CA2-4567-475E-A925-CFE2B30AA69B}.Debug|Any CPU.Build.0 = Debug|Any CPU
		{1DEF8CA2-4567-475E-A925-CFE2B30AA69B}.Release|Any CPU.ActiveCfg = Release|Any CPU
		{1DEF8CA2-4567-475E-A925-CFE2B30AA69B}.Release|Any CPU.Build.0 = Release|Any CPU
		{CAC5C486-903B-4959-AFC6-3EC36603F9A7}.Debug|Any CPU.ActiveCfg = Debug|Any CPU
		{CAC5C486-903B-4959-AFC6-3EC36603F9A7}.Debug|Any CPU.Build.0 = Debug|Any CPU
		{CAC5C486-903B-4959-AFC6-3EC36603F9A7}.Release|Any CPU.ActiveCfg = Release|Any CPU
		{CAC5C486-903B-4959-AFC6-3EC36603F9A7}.Release|Any CPU.Build.0 = Release|Any CPU
	EndGlobalSection
	GlobalSection(SolutionProperties) = preSolution
		HideSolutionNode = FALSE
	EndGlobalSection
	GlobalSection(ExtensibilityGlobals) = postSolution
		SolutionGuid = {C620694C-3311-438A-B8CD-1BBFC2A7A0DC}
	EndGlobalSection
EndGlobal
